// !$*UTF8*$!
{
	archiveVersion = 1;
	classes = {
	};
	objectVersion = 56;
	objects = {

/* Begin PBXBuildFile section */
		7637504D2943B69C00DA3F39 /* DevGPTApp.swift in Sources */ = {isa = PBXBuildFile; fileRef = 7637504C2943B69C00DA3F39 /* DevGPTApp.swift */; };
		763750512943B69E00DA3F39 /* Assets.xcassets in Resources */ = {isa = PBXBuildFile; fileRef = 763750502943B69E00DA3F39 /* Assets.xcassets */; };
		763750542943B69E00DA3F39 /* Preview Assets.xcassets in Resources */ = {isa = PBXBuildFile; fileRef = 763750532943B69E00DA3F39 /* Preview Assets.xcassets */; };
		763750612943BAE800DA3F39 /* OnboardingView.swift in Sources */ = {isa = PBXBuildFile; fileRef = 763750602943BAE800DA3F39 /* OnboardingView.swift */; };
		763750632943BF0300DA3F39 /* Color.swift in Sources */ = {isa = PBXBuildFile; fileRef = 763750622943BF0300DA3F39 /* Color.swift */; };
		763750652943C7AC00DA3F39 /* ImageOnboardingView.swift in Sources */ = {isa = PBXBuildFile; fileRef = 763750642943C7AC00DA3F39 /* ImageOnboardingView.swift */; };
		763750672943CC4200DA3F39 /* OnboardingRegistrationView.swift in Sources */ = {isa = PBXBuildFile; fileRef = 763750662943CC4200DA3F39 /* OnboardingRegistrationView.swift */; };
		7637506A2943D01400DA3F39 /* AppPrimaryButton.swift in Sources */ = {isa = PBXBuildFile; fileRef = 763750692943D01400DA3F39 /* AppPrimaryButton.swift */; };
		7637506D2943DA0F00DA3F39 /* TabBar.swift in Sources */ = {isa = PBXBuildFile; fileRef = 7637506C2943DA0F00DA3F39 /* TabBar.swift */; };
		763750702943DC6300DA3F39 /* HomeView.swift in Sources */ = {isa = PBXBuildFile; fileRef = 7637506F2943DC6300DA3F39 /* HomeView.swift */; };
		763750742943E4E900DA3F39 /* RecentResponsesView.swift in Sources */ = {isa = PBXBuildFile; fileRef = 763750732943E4E900DA3F39 /* RecentResponsesView.swift */; };
		763750762943E5BF00DA3F39 /* ResponseThumbnailView.swift in Sources */ = {isa = PBXBuildFile; fileRef = 763750752943E5BF00DA3F39 /* ResponseThumbnailView.swift */; };
		763750782943EACE00DA3F39 /* FavoriteCollectionsView.swift in Sources */ = {isa = PBXBuildFile; fileRef = 763750772943EACE00DA3F39 /* FavoriteCollectionsView.swift */; };
		7637507B2943EE7200DA3F39 /* CollectionThumbnailView.swift in Sources */ = {isa = PBXBuildFile; fileRef = 7637507A2943EE7200DA3F39 /* CollectionThumbnailView.swift */; };
		7637507D2943F08300DA3F39 /* SearchBarView.swift in Sources */ = {isa = PBXBuildFile; fileRef = 7637507C2943F08300DA3F39 /* SearchBarView.swift */; };
		7637507F2943F09800DA3F39 /* UIApplication.swift in Sources */ = {isa = PBXBuildFile; fileRef = 7637507E2943F09800DA3F39 /* UIApplication.swift */; };
		763750822943F5C500DA3F39 /* LoadingPageView.swift in Sources */ = {isa = PBXBuildFile; fileRef = 763750812943F5C500DA3F39 /* LoadingPageView.swift */; };
		763750852944011A00DA3F39 /* ResponseView.swift in Sources */ = {isa = PBXBuildFile; fileRef = 763750842944011A00DA3F39 /* ResponseView.swift */; };
		76375087294402EA00DA3F39 /* InputResultView.swift in Sources */ = {isa = PBXBuildFile; fileRef = 76375086294402EA00DA3F39 /* InputResultView.swift */; };
		76375089294404AC00DA3F39 /* ChatResponseView.swift in Sources */ = {isa = PBXBuildFile; fileRef = 76375088294404AC00DA3F39 /* ChatResponseView.swift */; };
		7637508B29440E2F00DA3F39 /* PositiveFeedbackView.swift in Sources */ = {isa = PBXBuildFile; fileRef = 7637508A29440E2F00DA3F39 /* PositiveFeedbackView.swift */; };
		7637508D294411B900DA3F39 /* NegativeFeedbackView.swift in Sources */ = {isa = PBXBuildFile; fileRef = 7637508C294411B900DA3F39 /* NegativeFeedbackView.swift */; };
		7637508F2944121900DA3F39 /* CheckBoxView.swift in Sources */ = {isa = PBXBuildFile; fileRef = 7637508E2944121900DA3F39 /* CheckBoxView.swift */; };
		76375092294415DB00DA3F39 /* CollectionsGridView.swift in Sources */ = {isa = PBXBuildFile; fileRef = 76375091294415DB00DA3F39 /* CollectionsGridView.swift */; };
		76375094294416CB00DA3F39 /* AllCollectionsView.swift in Sources */ = {isa = PBXBuildFile; fileRef = 76375093294416CB00DA3F39 /* AllCollectionsView.swift */; };
		763750972944196800DA3F39 /* HistoryView.swift in Sources */ = {isa = PBXBuildFile; fileRef = 763750962944196800DA3F39 /* HistoryView.swift */; };
		763750992944198F00DA3F39 /* HistoryTabs.swift in Sources */ = {isa = PBXBuildFile; fileRef = 763750982944198F00DA3F39 /* HistoryTabs.swift */; };
		7637509C2944226E00DA3F39 /* AccountView.swift in Sources */ = {isa = PBXBuildFile; fileRef = 7637509B2944226E00DA3F39 /* AccountView.swift */; };
		7637509F2944258500DA3F39 /* SettingsView.swift in Sources */ = {isa = PBXBuildFile; fileRef = 7637509E2944258500DA3F39 /* SettingsView.swift */; };
/* End PBXBuildFile section */

/* Begin PBXFileReference section */
		763750492943B69C00DA3F39 /* DevGPT.app */ = {isa = PBXFileReference; explicitFileType = wrapper.application; includeInIndex = 0; path = DevGPT.app; sourceTree = BUILT_PRODUCTS_DIR; };
		7637504C2943B69C00DA3F39 /* DevGPTApp.swift */ = {isa = PBXFileReference; lastKnownFileType = sourcecode.swift; path = DevGPTApp.swift; sourceTree = "<group>"; };
		763750502943B69E00DA3F39 /* Assets.xcassets */ = {isa = PBXFileReference; lastKnownFileType = folder.assetcatalog; path = Assets.xcassets; sourceTree = "<group>"; };
		763750532943B69E00DA3F39 /* Preview Assets.xcassets */ = {isa = PBXFileReference; lastKnownFileType = folder.assetcatalog; path = "Preview Assets.xcassets"; sourceTree = "<group>"; };
		763750602943BAE800DA3F39 /* OnboardingView.swift */ = {isa = PBXFileReference; lastKnownFileType = sourcecode.swift; path = OnboardingView.swift; sourceTree = "<group>"; };
		763750622943BF0300DA3F39 /* Color.swift */ = {isa = PBXFileReference; lastKnownFileType = sourcecode.swift; path = Color.swift; sourceTree = "<group>"; };
		763750642943C7AC00DA3F39 /* ImageOnboardingView.swift */ = {isa = PBXFileReference; lastKnownFileType = sourcecode.swift; path = ImageOnboardingView.swift; sourceTree = "<group>"; };
		763750662943CC4200DA3F39 /* OnboardingRegistrationView.swift */ = {isa = PBXFileReference; lastKnownFileType = sourcecode.swift; path = OnboardingRegistrationView.swift; sourceTree = "<group>"; };
		763750692943D01400DA3F39 /* AppPrimaryButton.swift */ = {isa = PBXFileReference; lastKnownFileType = sourcecode.swift; path = AppPrimaryButton.swift; sourceTree = "<group>"; };
		7637506C2943DA0F00DA3F39 /* TabBar.swift */ = {isa = PBXFileReference; lastKnownFileType = sourcecode.swift; path = TabBar.swift; sourceTree = "<group>"; };
		7637506F2943DC6300DA3F39 /* HomeView.swift */ = {isa = PBXFileReference; lastKnownFileType = sourcecode.swift; path = HomeView.swift; sourceTree = "<group>"; };
		763750732943E4E900DA3F39 /* RecentResponsesView.swift */ = {isa = PBXFileReference; lastKnownFileType = sourcecode.swift; path = RecentResponsesView.swift; sourceTree = "<group>"; };
		763750752943E5BF00DA3F39 /* ResponseThumbnailView.swift */ = {isa = PBXFileReference; lastKnownFileType = sourcecode.swift; path = ResponseThumbnailView.swift; sourceTree = "<group>"; };
		763750772943EACE00DA3F39 /* FavoriteCollectionsView.swift */ = {isa = PBXFileReference; lastKnownFileType = sourcecode.swift; path = FavoriteCollectionsView.swift; sourceTree = "<group>"; };
		7637507A2943EE7200DA3F39 /* CollectionThumbnailView.swift */ = {isa = PBXFileReference; lastKnownFileType = sourcecode.swift; path = CollectionThumbnailView.swift; sourceTree = "<group>"; };
		7637507C2943F08300DA3F39 /* SearchBarView.swift */ = {isa = PBXFileReference; lastKnownFileType = sourcecode.swift; path = SearchBarView.swift; sourceTree = "<group>"; };
		7637507E2943F09800DA3F39 /* UIApplication.swift */ = {isa = PBXFileReference; lastKnownFileType = sourcecode.swift; path = UIApplication.swift; sourceTree = "<group>"; };
		763750812943F5C500DA3F39 /* LoadingPageView.swift */ = {isa = PBXFileReference; lastKnownFileType = sourcecode.swift; path = LoadingPageView.swift; sourceTree = "<group>"; };
		763750842944011A00DA3F39 /* ResponseView.swift */ = {isa = PBXFileReference; lastKnownFileType = sourcecode.swift; path = ResponseView.swift; sourceTree = "<group>"; };
		76375086294402EA00DA3F39 /* InputResultView.swift */ = {isa = PBXFileReference; lastKnownFileType = sourcecode.swift; path = InputResultView.swift; sourceTree = "<group>"; };
		76375088294404AC00DA3F39 /* ChatResponseView.swift */ = {isa = PBXFileReference; lastKnownFileType = sourcecode.swift; path = ChatResponseView.swift; sourceTree = "<group>"; };
		7637508A29440E2F00DA3F39 /* PositiveFeedbackView.swift */ = {isa = PBXFileReference; lastKnownFileType = sourcecode.swift; path = PositiveFeedbackView.swift; sourceTree = "<group>"; };
		7637508C294411B900DA3F39 /* NegativeFeedbackView.swift */ = {isa = PBXFileReference; lastKnownFileType = sourcecode.swift; path = NegativeFeedbackView.swift; sourceTree = "<group>"; };
		7637508E2944121900DA3F39 /* CheckBoxView.swift */ = {isa = PBXFileReference; lastKnownFileType = sourcecode.swift; path = CheckBoxView.swift; sourceTree = "<group>"; };
		76375091294415DB00DA3F39 /* CollectionsGridView.swift */ = {isa = PBXFileReference; lastKnownFileType = sourcecode.swift; path = CollectionsGridView.swift; sourceTree = "<group>"; };
		76375093294416CB00DA3F39 /* AllCollectionsView.swift */ = {isa = PBXFileReference; lastKnownFileType = sourcecode.swift; path = AllCollectionsView.swift; sourceTree = "<group>"; };
		763750962944196800DA3F39 /* HistoryView.swift */ = {isa = PBXFileReference; lastKnownFileType = sourcecode.swift; path = HistoryView.swift; sourceTree = "<group>"; };
		763750982944198F00DA3F39 /* HistoryTabs.swift */ = {isa = PBXFileReference; lastKnownFileType = sourcecode.swift; path = HistoryTabs.swift; sourceTree = "<group>"; };
		7637509B2944226E00DA3F39 /* AccountView.swift */ = {isa = PBXFileReference; lastKnownFileType = sourcecode.swift; path = AccountView.swift; sourceTree = "<group>"; };
		7637509E2944258500DA3F39 /* SettingsView.swift */ = {isa = PBXFileReference; lastKnownFileType = sourcecode.swift; path = SettingsView.swift; sourceTree = "<group>"; };
/* End PBXFileReference section */

/* Begin PBXFrameworksBuildPhase section */
		763750462943B69C00DA3F39 /* Frameworks */ = {
			isa = PBXFrameworksBuildPhase;
			buildActionMask = 2147483647;
			files = (
			);
			runOnlyForDeploymentPostprocessing = 0;
		};
/* End PBXFrameworksBuildPhase section */

/* Begin PBXGroup section */
		763750402943B69C00DA3F39 = {
			isa = PBXGroup;
			children = (
				7637504B2943B69C00DA3F39 /* DevGPT */,
				7637504A2943B69C00DA3F39 /* Products */,
			);
			sourceTree = "<group>";
		};
		7637504A2943B69C00DA3F39 /* Products */ = {
			isa = PBXGroup;
			children = (
				763750492943B69C00DA3F39 /* DevGPT.app */,
			);
			name = Products;
			sourceTree = "<group>";
		};
		7637504B2943B69C00DA3F39 /* DevGPT */ = {
			isa = PBXGroup;
			children = (
				7637504C2943B69C00DA3F39 /* DevGPTApp.swift */,
				7637505E2943B98200DA3F39 /* Models */,
				7637505D2943B97C00DA3F39 /* Utils */,
				7637505C2943B96F00DA3F39 /* Extensions */,
				7637505B2943B96700DA3F39 /* Services */,
				7637505A2943B95D00DA3F39 /* Core */,
				763750502943B69E00DA3F39 /* Assets.xcassets */,
				763750522943B69E00DA3F39 /* Preview Content */,
			);
			path = DevGPT;
			sourceTree = "<group>";
		};
		763750522943B69E00DA3F39 /* Preview Content */ = {
			isa = PBXGroup;
			children = (
				763750532943B69E00DA3F39 /* Preview Assets.xcassets */,
			);
			path = "Preview Content";
			sourceTree = "<group>";
		};
		7637505A2943B95D00DA3F39 /* Core */ = {
			isa = PBXGroup;
			children = (
				7637506C2943DA0F00DA3F39 /* TabBar.swift */,
				7637509D2944254600DA3F39 /* Settings */,
				7637509A2944225A00DA3F39 /* Account */,
				763750952944194C00DA3F39 /* History */,
				763750902944158600DA3F39 /* Collections */,
				763750682943D00200DA3F39 /* Components */,
				763750832944010400DA3F39 /* Response */,
				763750802943F5B300DA3F39 /* Loading */,
				7637506E2943DC5000DA3F39 /* Home */,
				7637506B2943D72300DA3F39 /* Login */,
				7637505F2943BAD900DA3F39 /* Onboarding */,
			);
			path = Core;
			sourceTree = "<group>";
		};
		7637505B2943B96700DA3F39 /* Services */ = {
			isa = PBXGroup;
			children = (
			);
			path = Services;
			sourceTree = "<group>";
		};
		7637505C2943B96F00DA3F39 /* Extensions */ = {
			isa = PBXGroup;
			children = (
				763750622943BF0300DA3F39 /* Color.swift */,
				7637507E2943F09800DA3F39 /* UIApplication.swift */,
			);
			path = Extensions;
			sourceTree = "<group>";
		};
		7637505D2943B97C00DA3F39 /* Utils */ = {
			isa = PBXGroup;
			children = (
			);
			path = Utils;
			sourceTree = "<group>";
		};
		7637505E2943B98200DA3F39 /* Models */ = {
			isa = PBXGroup;
			children = (
			);
			path = Models;
			sourceTree = "<group>";
		};
		7637505F2943BAD900DA3F39 /* Onboarding */ = {
			isa = PBXGroup;
			children = (
				763750602943BAE800DA3F39 /* OnboardingView.swift */,
				763750642943C7AC00DA3F39 /* ImageOnboardingView.swift */,
				763750662943CC4200DA3F39 /* OnboardingRegistrationView.swift */,
			);
			path = Onboarding;
			sourceTree = "<group>";
		};
		763750682943D00200DA3F39 /* Components */ = {
			isa = PBXGroup;
			children = (
				763750692943D01400DA3F39 /* AppPrimaryButton.swift */,
				763750752943E5BF00DA3F39 /* ResponseThumbnailView.swift */,
				7637507A2943EE7200DA3F39 /* CollectionThumbnailView.swift */,
				7637507C2943F08300DA3F39 /* SearchBarView.swift */,
				7637508E2944121900DA3F39 /* CheckBoxView.swift */,
			);
			path = Components;
			sourceTree = "<group>";
		};
		7637506B2943D72300DA3F39 /* Login */ = {
			isa = PBXGroup;
			children = (
			);
			path = Login;
			sourceTree = "<group>";
		};
		7637506E2943DC5000DA3F39 /* Home */ = {
			isa = PBXGroup;
			children = (
				7637506F2943DC6300DA3F39 /* HomeView.swift */,
				763750732943E4E900DA3F39 /* RecentResponsesView.swift */,
				763750772943EACE00DA3F39 /* FavoriteCollectionsView.swift */,
				76375093294416CB00DA3F39 /* AllCollectionsView.swift */,
			);
			path = Home;
			sourceTree = "<group>";
		};
		763750802943F5B300DA3F39 /* Loading */ = {
			isa = PBXGroup;
			children = (
				763750812943F5C500DA3F39 /* LoadingPageView.swift */,
			);
			path = Loading;
			sourceTree = "<group>";
		};
		763750832944010400DA3F39 /* Response */ = {
			isa = PBXGroup;
			children = (
				763750842944011A00DA3F39 /* ResponseView.swift */,
				76375086294402EA00DA3F39 /* InputResultView.swift */,
				76375088294404AC00DA3F39 /* ChatResponseView.swift */,
				7637508A29440E2F00DA3F39 /* PositiveFeedbackView.swift */,
				7637508C294411B900DA3F39 /* NegativeFeedbackView.swift */,
			);
			path = Response;
			sourceTree = "<group>";
		};
		763750902944158600DA3F39 /* Collections */ = {
			isa = PBXGroup;
			children = (
				76375091294415DB00DA3F39 /* CollectionsGridView.swift */,
			);
			path = Collections;
			sourceTree = "<group>";
		};
		763750952944194C00DA3F39 /* History */ = {
			isa = PBXGroup;
			children = (
				763750962944196800DA3F39 /* HistoryView.swift */,
				763750982944198F00DA3F39 /* HistoryTabs.swift */,
			);
			path = History;
			sourceTree = "<group>";
		};
		7637509A2944225A00DA3F39 /* Account */ = {
			isa = PBXGroup;
			children = (
				7637509B2944226E00DA3F39 /* AccountView.swift */,
			);
			path = Account;
			sourceTree = "<group>";
		};
		7637509D2944254600DA3F39 /* Settings */ = {
			isa = PBXGroup;
			children = (
				7637509E2944258500DA3F39 /* SettingsView.swift */,
			);
			path = Settings;
			sourceTree = "<group>";
		};
/* End PBXGroup section */

/* Begin PBXNativeTarget section */
		763750482943B69C00DA3F39 /* DevGPT */ = {
			isa = PBXNativeTarget;
			buildConfigurationList = 763750572943B69E00DA3F39 /* Build configuration list for PBXNativeTarget "DevGPT" */;
			buildPhases = (
				763750452943B69C00DA3F39 /* Sources */,
				763750462943B69C00DA3F39 /* Frameworks */,
				763750472943B69C00DA3F39 /* Resources */,
			);
			buildRules = (
			);
			dependencies = (
			);
			name = DevGPT;
			productName = DevGPT;
			productReference = 763750492943B69C00DA3F39 /* DevGPT.app */;
			productType = "com.apple.product-type.application";
		};
/* End PBXNativeTarget section */

/* Begin PBXProject section */
		763750412943B69C00DA3F39 /* Project object */ = {
			isa = PBXProject;
			attributes = {
				BuildIndependentTargetsInParallel = 1;
				LastSwiftUpdateCheck = 1410;
				LastUpgradeCheck = 1410;
				TargetAttributes = {
					763750482943B69C00DA3F39 = {
						CreatedOnToolsVersion = 14.1;
					};
				};
			};
			buildConfigurationList = 763750442943B69C00DA3F39 /* Build configuration list for PBXProject "DevGPT" */;
			compatibilityVersion = "Xcode 14.0";
			developmentRegion = en;
			hasScannedForEncodings = 0;
			knownRegions = (
				en,
				Base,
			);
			mainGroup = 763750402943B69C00DA3F39;
			productRefGroup = 7637504A2943B69C00DA3F39 /* Products */;
			projectDirPath = "";
			projectRoot = "";
			targets = (
				763750482943B69C00DA3F39 /* DevGPT */,
			);
		};
/* End PBXProject section */

/* Begin PBXResourcesBuildPhase section */
		763750472943B69C00DA3F39 /* Resources */ = {
			isa = PBXResourcesBuildPhase;
			buildActionMask = 2147483647;
			files = (
				763750542943B69E00DA3F39 /* Preview Assets.xcassets in Resources */,
				763750512943B69E00DA3F39 /* Assets.xcassets in Resources */,
			);
			runOnlyForDeploymentPostprocessing = 0;
		};
/* End PBXResourcesBuildPhase section */

/* Begin PBXSourcesBuildPhase section */
		763750452943B69C00DA3F39 /* Sources */ = {
			isa = PBXSourcesBuildPhase;
			buildActionMask = 2147483647;
			files = (
				7637506A2943D01400DA3F39 /* AppPrimaryButton.swift in Sources */,
				763750972944196800DA3F39 /* HistoryView.swift in Sources */,
				763750652943C7AC00DA3F39 /* ImageOnboardingView.swift in Sources */,
				763750742943E4E900DA3F39 /* RecentResponsesView.swift in Sources */,
				763750612943BAE800DA3F39 /* OnboardingView.swift in Sources */,
				7637508D294411B900DA3F39 /* NegativeFeedbackView.swift in Sources */,
				763750762943E5BF00DA3F39 /* ResponseThumbnailView.swift in Sources */,
				7637504D2943B69C00DA3F39 /* DevGPTApp.swift in Sources */,
				763750992944198F00DA3F39 /* HistoryTabs.swift in Sources */,
				76375094294416CB00DA3F39 /* AllCollectionsView.swift in Sources */,
				7637508F2944121900DA3F39 /* CheckBoxView.swift in Sources */,
				76375092294415DB00DA3F39 /* CollectionsGridView.swift in Sources */,
				763750782943EACE00DA3F39 /* FavoriteCollectionsView.swift in Sources */,
				763750852944011A00DA3F39 /* ResponseView.swift in Sources */,
				7637507B2943EE7200DA3F39 /* CollectionThumbnailView.swift in Sources */,
				7637507F2943F09800DA3F39 /* UIApplication.swift in Sources */,
				763750822943F5C500DA3F39 /* LoadingPageView.swift in Sources */,
				7637508B29440E2F00DA3F39 /* PositiveFeedbackView.swift in Sources */,
				76375089294404AC00DA3F39 /* ChatResponseView.swift in Sources */,
				763750672943CC4200DA3F39 /* OnboardingRegistrationView.swift in Sources */,
				7637507D2943F08300DA3F39 /* SearchBarView.swift in Sources */,
				7637509F2944258500DA3F39 /* SettingsView.swift in Sources */,
				76375087294402EA00DA3F39 /* InputResultView.swift in Sources */,
				763750702943DC6300DA3F39 /* HomeView.swift in Sources */,
				763750632943BF0300DA3F39 /* Color.swift in Sources */,
				7637509C2944226E00DA3F39 /* AccountView.swift in Sources */,
				7637506D2943DA0F00DA3F39 /* TabBar.swift in Sources */,
			);
			runOnlyForDeploymentPostprocessing = 0;
		};
/* End PBXSourcesBuildPhase section */

/* Begin XCBuildConfiguration section */
		763750552943B69E00DA3F39 /* Debug */ = {
			isa = XCBuildConfiguration;
			buildSettings = {
				ALWAYS_SEARCH_USER_PATHS = NO;
				CLANG_ANALYZER_NONNULL = YES;
				CLANG_ANALYZER_NUMBER_OBJECT_CONVERSION = YES_AGGRESSIVE;
				CLANG_CXX_LANGUAGE_STANDARD = "gnu++20";
				CLANG_ENABLE_MODULES = YES;
				CLANG_ENABLE_OBJC_ARC = YES;
				CLANG_ENABLE_OBJC_WEAK = YES;
				CLANG_WARN_BLOCK_CAPTURE_AUTORELEASING = YES;
				CLANG_WARN_BOOL_CONVERSION = YES;
				CLANG_WARN_COMMA = YES;
				CLANG_WARN_CONSTANT_CONVERSION = YES;
				CLANG_WARN_DEPRECATED_OBJC_IMPLEMENTATIONS = YES;
				CLANG_WARN_DIRECT_OBJC_ISA_USAGE = YES_ERROR;
				CLANG_WARN_DOCUMENTATION_COMMENTS = YES;
				CLANG_WARN_EMPTY_BODY = YES;
				CLANG_WARN_ENUM_CONVERSION = YES;
				CLANG_WARN_INFINITE_RECURSION = YES;
				CLANG_WARN_INT_CONVERSION = YES;
				CLANG_WARN_NON_LITERAL_NULL_CONVERSION = YES;
				CLANG_WARN_OBJC_IMPLICIT_RETAIN_SELF = YES;
				CLANG_WARN_OBJC_LITERAL_CONVERSION = YES;
				CLANG_WARN_OBJC_ROOT_CLASS = YES_ERROR;
				CLANG_WARN_QUOTED_INCLUDE_IN_FRAMEWORK_HEADER = YES;
				CLANG_WARN_RANGE_LOOP_ANALYSIS = YES;
				CLANG_WARN_STRICT_PROTOTYPES = YES;
				CLANG_WARN_SUSPICIOUS_MOVE = YES;
				CLANG_WARN_UNGUARDED_AVAILABILITY = YES_AGGRESSIVE;
				CLANG_WARN_UNREACHABLE_CODE = YES;
				CLANG_WARN__DUPLICATE_METHOD_MATCH = YES;
				COPY_PHASE_STRIP = NO;
				DEBUG_INFORMATION_FORMAT = dwarf;
				ENABLE_STRICT_OBJC_MSGSEND = YES;
				ENABLE_TESTABILITY = YES;
				GCC_C_LANGUAGE_STANDARD = gnu11;
				GCC_DYNAMIC_NO_PIC = NO;
				GCC_NO_COMMON_BLOCKS = YES;
				GCC_OPTIMIZATION_LEVEL = 0;
				GCC_PREPROCESSOR_DEFINITIONS = (
					"DEBUG=1",
					"$(inherited)",
				);
				GCC_WARN_64_TO_32_BIT_CONVERSION = YES;
				GCC_WARN_ABOUT_RETURN_TYPE = YES_ERROR;
				GCC_WARN_UNDECLARED_SELECTOR = YES;
				GCC_WARN_UNINITIALIZED_AUTOS = YES_AGGRESSIVE;
				GCC_WARN_UNUSED_FUNCTION = YES;
				GCC_WARN_UNUSED_VARIABLE = YES;
				IPHONEOS_DEPLOYMENT_TARGET = 16.1;
				MTL_ENABLE_DEBUG_INFO = INCLUDE_SOURCE;
				MTL_FAST_MATH = YES;
				ONLY_ACTIVE_ARCH = YES;
				SDKROOT = iphoneos;
				SWIFT_ACTIVE_COMPILATION_CONDITIONS = DEBUG;
				SWIFT_OPTIMIZATION_LEVEL = "-Onone";
			};
			name = Debug;
		};
		763750562943B69E00DA3F39 /* Release */ = {
			isa = XCBuildConfiguration;
			buildSettings = {
				ALWAYS_SEARCH_USER_PATHS = NO;
				CLANG_ANALYZER_NONNULL = YES;
				CLANG_ANALYZER_NUMBER_OBJECT_CONVERSION = YES_AGGRESSIVE;
				CLANG_CXX_LANGUAGE_STANDARD = "gnu++20";
				CLANG_ENABLE_MODULES = YES;
				CLANG_ENABLE_OBJC_ARC = YES;
				CLANG_ENABLE_OBJC_WEAK = YES;
				CLANG_WARN_BLOCK_CAPTURE_AUTORELEASING = YES;
				CLANG_WARN_BOOL_CONVERSION = YES;
				CLANG_WARN_COMMA = YES;
				CLANG_WARN_CONSTANT_CONVERSION = YES;
				CLANG_WARN_DEPRECATED_OBJC_IMPLEMENTATIONS = YES;
				CLANG_WARN_DIRECT_OBJC_ISA_USAGE = YES_ERROR;
				CLANG_WARN_DOCUMENTATION_COMMENTS = YES;
				CLANG_WARN_EMPTY_BODY = YES;
				CLANG_WARN_ENUM_CONVERSION = YES;
				CLANG_WARN_INFINITE_RECURSION = YES;
				CLANG_WARN_INT_CONVERSION = YES;
				CLANG_WARN_NON_LITERAL_NULL_CONVERSION = YES;
				CLANG_WARN_OBJC_IMPLICIT_RETAIN_SELF = YES;
				CLANG_WARN_OBJC_LITERAL_CONVERSION = YES;
				CLANG_WARN_OBJC_ROOT_CLASS = YES_ERROR;
				CLANG_WARN_QUOTED_INCLUDE_IN_FRAMEWORK_HEADER = YES;
				CLANG_WARN_RANGE_LOOP_ANALYSIS = YES;
				CLANG_WARN_STRICT_PROTOTYPES = YES;
				CLANG_WARN_SUSPICIOUS_MOVE = YES;
				CLANG_WARN_UNGUARDED_AVAILABILITY = YES_AGGRESSIVE;
				CLANG_WARN_UNREACHABLE_CODE = YES;
				CLANG_WARN__DUPLICATE_METHOD_MATCH = YES;
				COPY_PHASE_STRIP = NO;
				DEBUG_INFORMATION_FORMAT = "dwarf-with-dsym";
				ENABLE_NS_ASSERTIONS = NO;
				ENABLE_STRICT_OBJC_MSGSEND = YES;
				GCC_C_LANGUAGE_STANDARD = gnu11;
				GCC_NO_COMMON_BLOCKS = YES;
				GCC_WARN_64_TO_32_BIT_CONVERSION = YES;
				GCC_WARN_ABOUT_RETURN_TYPE = YES_ERROR;
				GCC_WARN_UNDECLARED_SELECTOR = YES;
				GCC_WARN_UNINITIALIZED_AUTOS = YES_AGGRESSIVE;
				GCC_WARN_UNUSED_FUNCTION = YES;
				GCC_WARN_UNUSED_VARIABLE = YES;
				IPHONEOS_DEPLOYMENT_TARGET = 16.1;
				MTL_ENABLE_DEBUG_INFO = NO;
				MTL_FAST_MATH = YES;
				SDKROOT = iphoneos;
				SWIFT_COMPILATION_MODE = wholemodule;
				SWIFT_OPTIMIZATION_LEVEL = "-O";
				VALIDATE_PRODUCT = YES;
			};
			name = Release;
		};
		763750582943B69E00DA3F39 /* Debug */ = {
			isa = XCBuildConfiguration;
			buildSettings = {
				ASSETCATALOG_COMPILER_APPICON_NAME = AppIcon;
				ASSETCATALOG_COMPILER_GLOBAL_ACCENT_COLOR_NAME = AccentColor;
				CODE_SIGN_STYLE = Automatic;
				CURRENT_PROJECT_VERSION = 1;
				DEVELOPMENT_ASSET_PATHS = "\"DevGPT/Preview Content\"";
				DEVELOPMENT_TEAM = 8GNE6ML5WX;
				ENABLE_PREVIEWS = YES;
				GENERATE_INFOPLIST_FILE = YES;
				INFOPLIST_KEY_UIApplicationSceneManifest_Generation = YES;
				INFOPLIST_KEY_UIApplicationSupportsIndirectInputEvents = YES;
				INFOPLIST_KEY_UILaunchScreen_Generation = YES;
				INFOPLIST_KEY_UISupportedInterfaceOrientations_iPad = "UIInterfaceOrientationPortrait UIInterfaceOrientationPortraitUpsideDown UIInterfaceOrientationLandscapeLeft UIInterfaceOrientationLandscapeRight";
				INFOPLIST_KEY_UISupportedInterfaceOrientations_iPhone = "UIInterfaceOrientationPortrait UIInterfaceOrientationLandscapeLeft UIInterfaceOrientationLandscapeRight";
				LD_RUNPATH_SEARCH_PATHS = (
					"$(inherited)",
					"@executable_path/Frameworks",
				);
				MARKETING_VERSION = 1.0;
				PRODUCT_BUNDLE_IDENTIFIER = com.MarcoDotIO.DevGPT;
				PRODUCT_NAME = "$(TARGET_NAME)";
				SWIFT_EMIT_LOC_STRINGS = YES;
				SWIFT_VERSION = 5.0;
				TARGETED_DEVICE_FAMILY = "1,2";
			};
			name = Debug;
		};
		763750592943B69E00DA3F39 /* Release */ = {
			isa = XCBuildConfiguration;
			buildSettings = {
				ASSETCATALOG_COMPILER_APPICON_NAME = AppIcon;
				ASSETCATALOG_COMPILER_GLOBAL_ACCENT_COLOR_NAME = AccentColor;
				CODE_SIGN_STYLE = Automatic;
				CURRENT_PROJECT_VERSION = 1;
				DEVELOPMENT_ASSET_PATHS = "\"DevGPT/Preview Content\"";
				DEVELOPMENT_TEAM = 8GNE6ML5WX;
				ENABLE_PREVIEWS = YES;
				GENERATE_INFOPLIST_FILE = YES;
				INFOPLIST_KEY_UIApplicationSceneManifest_Generation = YES;
				INFOPLIST_KEY_UIApplicationSupportsIndirectInputEvents = YES;
				INFOPLIST_KEY_UILaunchScreen_Generation = YES;
				INFOPLIST_KEY_UISupportedInterfaceOrientations_iPad = "UIInterfaceOrientationPortrait UIInterfaceOrientationPortraitUpsideDown UIInterfaceOrientationLandscapeLeft UIInterfaceOrientationLandscapeRight";
				INFOPLIST_KEY_UISupportedInterfaceOrientations_iPhone = "UIInterfaceOrientationPortrait UIInterfaceOrientationLandscapeLeft UIInterfaceOrientationLandscapeRight";
				LD_RUNPATH_SEARCH_PATHS = (
					"$(inherited)",
					"@executable_path/Frameworks",
				);
				MARKETING_VERSION = 1.0;
				PRODUCT_BUNDLE_IDENTIFIER = com.MarcoDotIO.DevGPT;
				PRODUCT_NAME = "$(TARGET_NAME)";
				SWIFT_EMIT_LOC_STRINGS = YES;
				SWIFT_VERSION = 5.0;
				TARGETED_DEVICE_FAMILY = "1,2";
			};
			name = Release;
		};
/* End XCBuildConfiguration section */

/* Begin XCConfigurationList section */
		763750442943B69C00DA3F39 /* Build configuration list for PBXProject "DevGPT" */ = {
			isa = XCConfigurationList;
			buildConfigurations = (
				763750552943B69E00DA3F39 /* Debug */,
				763750562943B69E00DA3F39 /* Release */,
			);
			defaultConfigurationIsVisible = 0;
			defaultConfigurationName = Release;
		};
		763750572943B69E00DA3F39 /* Build configuration list for PBXNativeTarget "DevGPT" */ = {
			isa = XCConfigurationList;
			buildConfigurations = (
				763750582943B69E00DA3F39 /* Debug */,
				763750592943B69E00DA3F39 /* Release */,
			);
			defaultConfigurationIsVisible = 0;
			defaultConfigurationName = Release;
		};
/* End XCConfigurationList section */
	};
	rootObject = 763750412943B69C00DA3F39 /* Project object */;
}
